
Microsoft Visual Studio Solution File, Format Version 12.00
# Visual Studio Version 17
VisualStudioVersion = 17.10.35122.118
MinimumVisualStudioVersion = 10.0.40219.1
Project("{FAE04EC0-301F-11D3-BF4B-00C04F79EFBC}") = "DenounceBeasts.API", "DenounceBeasts.API\DenounceBeasts.API.csproj", "{9DD2D186-4146-4509-BE7A-EE20B8BDC037}"
EndProject
Global
	GlobalSection(SolutionConfigurationPlatforms) = preSolution
		Debug|Any CPU = Debug|Any CPU
		Release|Any CPU = Release|Any CPU
	EndGlobalSection
	GlobalSection(ProjectConfigurationPlatforms) = postSolution
		{9DD2D186-4146-4509-BE7A-EE20B8BDC037}.Debug|Any CPU.ActiveCfg = Debug|Any CPU
		{9DD2D186-4146-4509-BE7A-EE20B8BDC037}.Debug|Any CPU.Build.0 = Debug|Any CPU
		{9DD2D186-4146-4509-BE7A-EE20B8BDC037}.Release|Any CPU.ActiveCfg = Release|Any CPU
		{9DD2D186-4146-4509-BE7A-EE20B8BDC037}.Release|Any CPU.Build.0 = Release|Any CPU
	EndGlobalSection
	GlobalSection(SolutionProperties) = preSolution
		HideSolutionNode = FALSE
	EndGlobalSection
	GlobalSection(ExtensibilityGlobals) = postSolution
		SolutionGuid = {D567F369-F60D-42F5-90D3-AD3EBEC3B309}
	EndGlobalSection
EndGlobal
